
Microsoft Visual Studio Solution File, Format Version 12.00
# Visual Studio Version 17
VisualStudioVersion = 17.7.34031.279
MinimumVisualStudioVersion = 10.0.40219.1
Project("{9A19103F-16F7-4668-BE54-9A1E7A4F7556}") = "ASPCMVC01", "ASPCMVC01\ASPCMVC01.csproj", "{29755F21-BD5F-4A07-AD95-69A622D589C2}"
EndProject
Project("{9A19103F-16F7-4668-BE54-9A1E7A4F7556}") = "ASPCMVC02", "ASPCMVC02\ASPCMVC02.csproj", "{DE50524A-81B7-4658-9246-C72F6F88B736}"
EndProject
Project("{9A19103F-16F7-4668-BE54-9A1E7A4F7556}") = "ASPCMVC03", "ASPCMVC03\ASPCMVC03.csproj", "{3B501AD4-4621-4D8E-8AF4-C14C8D5876B8}"
EndProject
Project("{9A19103F-16F7-4668-BE54-9A1E7A4F7556}") = "ASPCMVC04", "ASPCMVC04\ASPCMVC04.csproj", "{55C4867E-D320-45F6-94AA-1C62F85F41FE}"
EndProject
Project("{9A19103F-16F7-4668-BE54-9A1E7A4F7556}") = "ASPCMVC05", "ASPCMVC05\ASPCMVC05.csproj", "{58304CC1-0B5F-4786-8EDB-96C2B3B73442}"
EndProject
Project("{9A19103F-16F7-4668-BE54-9A1E7A4F7556}") = "ASPCMVC06", "ASPCMVC06\ASPCMVC06.csproj", "{1B3A10D5-48F0-45DC-8F82-F013383EBDFB}"
EndProject
Project("{9A19103F-16F7-4668-BE54-9A1E7A4F7556}") = "ASPCMVC07", "ASPCMVC07\ASPCMVC07.csproj", "{6D2705A1-8C88-4567-8F64-DF3B5AE3D119}"
EndProject
Project("{FAE04EC0-301F-11D3-BF4B-00C04F79EFBC}") = "ASPCMVC08", "ASPCMVC08\ASPCMVC08.csproj", "{1EA9388A-B80C-4023-84A8-10A288A1DF1D}"
EndProject
Global
	GlobalSection(SolutionConfigurationPlatforms) = preSolution
		Debug|Any CPU = Debug|Any CPU
		Release|Any CPU = Release|Any CPU
	EndGlobalSection
	GlobalSection(ProjectConfigurationPlatforms) = postSolution
		{29755F21-BD5F-4A07-AD95-69A622D589C2}.Debug|Any CPU.ActiveCfg = Debug|Any CPU
		{29755F21-BD5F-4A07-AD95-69A622D589C2}.Debug|Any CPU.Build.0 = Debug|Any CPU
		{29755F21-BD5F-4A07-AD95-69A622D589C2}.Release|Any CPU.ActiveCfg = Release|Any CPU
		{29755F21-BD5F-4A07-AD95-69A622D589C2}.Release|Any CPU.Build.0 = Release|Any CPU
		{DE50524A-81B7-4658-9246-C72F6F88B736}.Debug|Any CPU.ActiveCfg = Debug|Any CPU
		{DE50524A-81B7-4658-9246-C72F6F88B736}.Debug|Any CPU.Build.0 = Debug|Any CPU
		{DE50524A-81B7-4658-9246-C72F6F88B736}.Release|Any CPU.ActiveCfg = Release|Any CPU
		{DE50524A-81B7-4658-9246-C72F6F88B736}.Release|Any CPU.Build.0 = Release|Any CPU
		{3B501AD4-4621-4D8E-8AF4-C14C8D5876B8}.Debug|Any CPU.ActiveCfg = Debug|Any CPU
		{3B501AD4-4621-4D8E-8AF4-C14C8D5876B8}.Debug|Any CPU.Build.0 = Debug|Any CPU
		{3B501AD4-4621-4D8E-8AF4-C14C8D5876B8}.Release|Any CPU.ActiveCfg = Release|Any CPU
		{3B501AD4-4621-4D8E-8AF4-C14C8D5876B8}.Release|Any CPU.Build.0 = Release|Any CPU
		{55C4867E-D320-45F6-94AA-1C62F85F41FE}.Debug|Any CPU.ActiveCfg = Debug|Any CPU
		{55C4867E-D320-45F6-94AA-1C62F85F41FE}.Debug|Any CPU.Build.0 = Debug|Any CPU
		{55C4867E-D320-45F6-94AA-1C62F85F41FE}.Release|Any CPU.ActiveCfg = Release|Any CPU
		{55C4867E-D320-45F6-94AA-1C62F85F41FE}.Release|Any CPU.Build.0 = Release|Any CPU
		{58304CC1-0B5F-4786-8EDB-96C2B3B73442}.Debug|Any CPU.ActiveCfg = Debug|Any CPU
		{58304CC1-0B5F-4786-8EDB-96C2B3B73442}.Debug|Any CPU.Build.0 = Debug|Any CPU
		{58304CC1-0B5F-4786-8EDB-96C2B3B73442}.Release|Any CPU.ActiveCfg = Release|Any CPU
		{58304CC1-0B5F-4786-8EDB-96C2B3B73442}.Release|Any CPU.Build.0 = Release|Any CPU
		{1B3A10D5-48F0-45DC-8F82-F013383EBDFB}.Debug|Any CPU.ActiveCfg = Debug|Any CPU
		{1B3A10D5-48F0-45DC-8F82-F013383EBDFB}.Debug|Any CPU.Build.0 = Debug|Any CPU
		{1B3A10D5-48F0-45DC-8F82-F013383EBDFB}.Release|Any CPU.ActiveCfg = Release|Any CPU
		{1B3A10D5-48F0-45DC-8F82-F013383EBDFB}.Release|Any CPU.Build.0 = Release|Any CPU
		{6D2705A1-8C88-4567-8F64-DF3B5AE3D119}.Debug|Any CPU.ActiveCfg = Debug|Any CPU
		{6D2705A1-8C88-4567-8F64-DF3B5AE3D119}.Debug|Any CPU.Build.0 = Debug|Any CPU
		{6D2705A1-8C88-4567-8F64-DF3B5AE3D119}.Release|Any CPU.ActiveCfg = Release|Any CPU
		{6D2705A1-8C88-4567-8F64-DF3B5AE3D119}.Release|Any CPU.Build.0 = Release|Any CPU
		{1EA9388A-B80C-4023-84A8-10A288A1DF1D}.Debug|Any CPU.ActiveCfg = Debug|Any CPU
		{1EA9388A-B80C-4023-84A8-10A288A1DF1D}.Debug|Any CPU.Build.0 = Debug|Any CPU
		{1EA9388A-B80C-4023-84A8-10A288A1DF1D}.Release|Any CPU.ActiveCfg = Release|Any CPU
		{1EA9388A-B80C-4023-84A8-10A288A1DF1D}.Release|Any CPU.Build.0 = Release|Any CPU
	EndGlobalSection
	GlobalSection(SolutionProperties) = preSolution
		HideSolutionNode = FALSE
	EndGlobalSection
	GlobalSection(ExtensibilityGlobals) = postSolution
		SolutionGuid = {E387C2CF-34F2-47E7-B5F2-A4339BE452E6}
	EndGlobalSection
EndGlobal
